schema: '2.0'
stages:
  run-2026-01-01:
    cmd: calkit slurm batch --name run-2026-01-01 --environment clima --dep 
      scripts/run.py --out envs/2026-01-01 -s --gpus=1 -s --time=120 -- 
      scripts/run.sh 2026-01-01
    deps:
    - path: scripts/run.py
      hash: md5
      md5: e441188488a4ef25facf2fa7396cb080
      size: 6164
    - path: scripts/run.sh
      hash: md5
      md5: be941b40ffd003e6c6e2352a8d4df319
      size: 328
    outs:
    - path: .calkit/slurm/logs/run-2026-01-01.out
      hash: md5
      md5: c913884136b1bfe5a08d01a7901c1044
      size: 63767
    - path: envs/2026-01-01
      hash: md5
      md5: 97f7400a9340af7e03d7f80eb6c4da88.dir
      size: 144821
      nfiles: 2
  benchmark-amip@2026-01-01:
    cmd: calkit slurm batch --name benchmark-amip@2026-01-01 --environment clima
      --log-path 'runs/amip/2026-01-01/output.log' --dep scripts/run.py --dep 
      .calkit/env-locks/main/linux-64.txt --dep 
      repos/ClimaCoupler.jl/toml/amip_progedmf_1m.toml --dep 
      repos/ClimaCoupler.jl/config/atmos_configs/climaatmos_progedmf_1m.yml 
      --dep 
      repos/ClimaCoupler.jl/config/benchmark_configs/amip_progedmf_1m_land_he16.yml
      --out runs/amip/2026-01-01/Manifest-v1.11.toml --out 
      runs/amip/2026-01-01/repo-revs.json -s --gpus=1 -s --time=120 -- 
      scripts/run.sh 2026-01-01
    deps:
    - path: .calkit/env-locks/main/linux-64.txt
      hash: md5
      md5: 1754a191da44126403fab3c104fbdaa6
      size: 577
    - path: 
        repos/ClimaCoupler.jl/config/atmos_configs/climaatmos_progedmf_1m.yml
      hash: md5
      md5: 8743b95b52b4a72ef72b1135ad094afd
      size: 1150
    - path: 
        repos/ClimaCoupler.jl/config/benchmark_configs/amip_progedmf_1m_land_he16.yml
      hash: md5
      md5: 577bef53fd5c8e8eb2897c6d236dec53
      size: 461
    - path: repos/ClimaCoupler.jl/toml/amip_progedmf_1m.toml
      hash: md5
      md5: a5dec42fc923c74e00871b5389deb2dd
      size: 637
    - path: scripts/run.py
      hash: md5
      md5: ee5c353e35b75137eba9181a7c89376e
      size: 7370
    - path: scripts/run.sh
      hash: md5
      md5: be941b40ffd003e6c6e2352a8d4df319
      size: 328
    outs:
    - path: runs/amip/2026-01-01/Manifest-v1.11.toml
      hash: md5
      md5: 76fbe2ea7c29d3761983cabe92207e07
      size: 142647
    - path: runs/amip/2026-01-01/output.log
      hash: md5
      md5: 8f682d479a96a98fb2fad1c2f4bcf3d9
      size: 34206
    - path: runs/amip/2026-01-01/repo-revs.json
      hash: md5
      md5: 2348e05c8b4bc5a04938ad36bf27e1a6
      size: 838
  benchmark-amip@2026-01-10:
    cmd: calkit slurm batch --name benchmark-amip@2026-01-10 --environment clima
      --log-path 'logs/benchmark-amip/2026-01-10.log' --dep scripts/run.py --dep
      .calkit/env-locks/main/linux-64.txt --dep 
      repos/ClimaCoupler.jl/toml/amip_progedmf_1m.toml --dep 
      repos/ClimaCoupler.jl/config/atmos_configs/climaatmos_progedmf_1m.yml 
      --dep 
      repos/ClimaCoupler.jl/config/benchmark_configs/amip_progedmf_1m_land_he16.yml
      --out envs/2026-01-10/Manifest-v1.11.toml --out 
      envs/2026-01-10/repo-revs.json -s --gpus=1 -s --time=120 -- scripts/run.sh
      2026-01-10
    deps:
    - path: .calkit/env-locks/main/linux-64.txt
      hash: md5
      md5: 1754a191da44126403fab3c104fbdaa6
      size: 577
    - path: 
        repos/ClimaCoupler.jl/config/atmos_configs/climaatmos_progedmf_1m.yml
      hash: md5
      md5: 8743b95b52b4a72ef72b1135ad094afd
      size: 1150
    - path: 
        repos/ClimaCoupler.jl/config/benchmark_configs/amip_progedmf_1m_land_he16.yml
      hash: md5
      md5: 577bef53fd5c8e8eb2897c6d236dec53
      size: 461
    - path: repos/ClimaCoupler.jl/toml/amip_progedmf_1m.toml
      hash: md5
      md5: a5dec42fc923c74e00871b5389deb2dd
      size: 637
    - path: scripts/run.py
      hash: md5
      md5: 2bed3078f0cc74f40f99ef6a7476f43b
      size: 7547
    - path: scripts/run.sh
      hash: md5
      md5: be941b40ffd003e6c6e2352a8d4df319
      size: 328
    outs:
    - path: envs/2026-01-10/Manifest-v1.11.toml
      hash: md5
      md5: 6e8718cb4de28edb4065f507911fc2e1
      size: 142800
    - path: envs/2026-01-10/repo-revs.json
      hash: md5
      md5: 193c659182609d6c17f1068a4a58e2b5
      size: 469
    - path: logs/benchmark-amip/2026-01-10.log
      hash: md5
      md5: a7c7421f05142ce69b19021987c6ab0d
      size: 49421
  benchmark-amip@2025-11-01:
    cmd: calkit slurm batch --name benchmark-amip@2025-11-01 --environment clima
      --log-path 'runs/amip/2025-11-01/output.log' --dep scripts/run.py --dep 
      .calkit/env-locks/main/linux-64.txt --dep 
      repos/ClimaCoupler.jl/toml/amip_progedmf_1m.toml --dep 
      repos/ClimaCoupler.jl/config/atmos_configs/climaatmos_progedmf_1m.yml 
      --dep 
      repos/ClimaCoupler.jl/config/benchmark_configs/amip_progedmf_1m_land_he16.yml
      --out runs/amip/2025-11-01/Manifest-v1.11.toml --out 
      runs/amip/2025-11-01/repo-revs.json -s --gpus=1 -s --time=120 -- 
      scripts/run.sh 2025-11-01
    deps:
    - path: .calkit/env-locks/main/linux-64.txt
      hash: md5
      md5: 1754a191da44126403fab3c104fbdaa6
      size: 577
    - path: 
        repos/ClimaCoupler.jl/config/atmos_configs/climaatmos_progedmf_1m.yml
      hash: md5
      md5: 8743b95b52b4a72ef72b1135ad094afd
      size: 1150
    - path: 
        repos/ClimaCoupler.jl/config/benchmark_configs/amip_progedmf_1m_land_he16.yml
      hash: md5
      md5: 577bef53fd5c8e8eb2897c6d236dec53
      size: 461
    - path: repos/ClimaCoupler.jl/toml/amip_progedmf_1m.toml
      hash: md5
      md5: a5dec42fc923c74e00871b5389deb2dd
      size: 637
    - path: scripts/run.py
      hash: md5
      md5: ee5c353e35b75137eba9181a7c89376e
      size: 7370
    - path: scripts/run.sh
      hash: md5
      md5: be941b40ffd003e6c6e2352a8d4df319
      size: 328
    outs:
    - path: runs/amip/2025-11-01/Manifest-v1.11.toml
      hash: md5
      md5: bceb36a52fa27d73223d80321811f4d4
      size: 129606
    - path: runs/amip/2025-11-01/output.log
      hash: md5
      md5: 9f7a99c9895d2ee48d53b8f90c197167
      size: 39033
    - path: runs/amip/2025-11-01/repo-revs.json
      hash: md5
      md5: 853b684db1411aa0df806c7e169ea3e4
      size: 838
  benchmark-amip@2025-12-06:
    cmd: calkit slurm batch --name benchmark-amip@2025-12-06 --environment clima
      --log-path 'runs/amip/2025-12-06/output.log' --dep scripts/run.py --dep 
      .calkit/env-locks/main/linux-64.txt --dep 
      repos/ClimaCoupler.jl/toml/amip_progedmf_1m.toml --dep 
      repos/ClimaCoupler.jl/config/atmos_configs/climaatmos_progedmf_1m.yml 
      --dep 
      repos/ClimaCoupler.jl/config/benchmark_configs/amip_progedmf_1m_land_he16.yml
      --out runs/amip/2025-12-06/Manifest-v1.11.toml --out 
      runs/amip/2025-12-06/repo-revs.json -s --gpus=1 -s --time=120 -- 
      scripts/run.sh 2025-12-06
    deps:
    - path: .calkit/env-locks/main/linux-64.txt
      hash: md5
      md5: 1754a191da44126403fab3c104fbdaa6
      size: 577
    - path: 
        repos/ClimaCoupler.jl/config/atmos_configs/climaatmos_progedmf_1m.yml
      hash: md5
      md5: 8743b95b52b4a72ef72b1135ad094afd
      size: 1150
    - path: 
        repos/ClimaCoupler.jl/config/benchmark_configs/amip_progedmf_1m_land_he16.yml
      hash: md5
      md5: 577bef53fd5c8e8eb2897c6d236dec53
      size: 461
    - path: repos/ClimaCoupler.jl/toml/amip_progedmf_1m.toml
      hash: md5
      md5: a5dec42fc923c74e00871b5389deb2dd
      size: 637
    - path: scripts/run.py
      hash: md5
      md5: ee5c353e35b75137eba9181a7c89376e
      size: 7370
    - path: scripts/run.sh
      hash: md5
      md5: be941b40ffd003e6c6e2352a8d4df319
      size: 328
    outs:
    - path: runs/amip/2025-12-06/Manifest-v1.11.toml
      hash: md5
      md5: dca74aa2eec1fee1752b1d37fcbb8c5e
      size: 130420
    - path: runs/amip/2025-12-06/output.log
      hash: md5
      md5: 13ebb20a1336342cec24e18e9eeafbed
      size: 58999
    - path: runs/amip/2025-12-06/repo-revs.json
      hash: md5
      md5: 02f7bc29de3d232d80d8019522137564
      size: 838
  benchmark-amip@2025-12-20:
    cmd: calkit slurm batch --name benchmark-amip@2025-12-20 --environment clima
      --log-path 'runs/amip/2025-12-20/output.log' --dep scripts/run.py --dep 
      .calkit/env-locks/main/linux-64.txt --dep 
      repos/ClimaCoupler.jl/toml/amip_progedmf_1m.toml --dep 
      repos/ClimaCoupler.jl/config/atmos_configs/climaatmos_progedmf_1m.yml 
      --dep 
      repos/ClimaCoupler.jl/config/benchmark_configs/amip_progedmf_1m_land_he16.yml
      --out runs/amip/2025-12-20/Manifest-v1.11.toml --out 
      runs/amip/2025-12-20/repo-revs.json -s --gpus=1 -s --time=120 -- 
      scripts/run.sh 2025-12-20
    deps:
    - path: .calkit/env-locks/main/linux-64.txt
      hash: md5
      md5: 1754a191da44126403fab3c104fbdaa6
      size: 577
    - path: 
        repos/ClimaCoupler.jl/config/atmos_configs/climaatmos_progedmf_1m.yml
      hash: md5
      md5: 8743b95b52b4a72ef72b1135ad094afd
      size: 1150
    - path: 
        repos/ClimaCoupler.jl/config/benchmark_configs/amip_progedmf_1m_land_he16.yml
      hash: md5
      md5: 577bef53fd5c8e8eb2897c6d236dec53
      size: 461
    - path: repos/ClimaCoupler.jl/toml/amip_progedmf_1m.toml
      hash: md5
      md5: a5dec42fc923c74e00871b5389deb2dd
      size: 637
    - path: scripts/run.py
      hash: md5
      md5: ee5c353e35b75137eba9181a7c89376e
      size: 7370
    - path: scripts/run.sh
      hash: md5
      md5: be941b40ffd003e6c6e2352a8d4df319
      size: 328
    outs:
    - path: runs/amip/2025-12-20/Manifest-v1.11.toml
      hash: md5
      md5: 96384ce45f4373d80371de1f4c538a32
      size: 130546
    - path: runs/amip/2025-12-20/output.log
      hash: md5
      md5: cbbb591808f4b91852a9a325fbc362ae
      size: 48799
    - path: runs/amip/2025-12-20/repo-revs.json
      hash: md5
      md5: ab3f692fe9498d9551d8f91ede79a351
      size: 838
  benchmark-amip@2026-01-12:
    cmd: calkit slurm batch --name benchmark-amip@2026-01-12 --environment clima
      --log-path 'logs/benchmark-amip/2026-01-12.log' --dep scripts/run.py --dep
      .calkit/env-locks/main/linux-64.txt --dep 
      repos/ClimaCoupler.jl/toml/amip_progedmf_1m.toml --dep 
      repos/ClimaCoupler.jl/config/atmos_configs/climaatmos_progedmf_1m.yml 
      --dep 
      repos/ClimaCoupler.jl/config/benchmark_configs/amip_progedmf_1m_land_he16.yml
      --out envs/2026-01-12/Manifest-v1.11.toml --out 
      envs/2026-01-12/repo-revs.json -s --gpus=1 -s --time=120 -- scripts/run.sh
      2026-01-12
    deps:
    - path: .calkit/env-locks/main/linux-64.txt
      hash: md5
      md5: 1754a191da44126403fab3c104fbdaa6
      size: 577
    - path: 
        repos/ClimaCoupler.jl/config/atmos_configs/climaatmos_progedmf_1m.yml
      hash: md5
      md5: 8743b95b52b4a72ef72b1135ad094afd
      size: 1150
    - path: 
        repos/ClimaCoupler.jl/config/benchmark_configs/amip_progedmf_1m_land_he16.yml
      hash: md5
      md5: 577bef53fd5c8e8eb2897c6d236dec53
      size: 461
    - path: repos/ClimaCoupler.jl/toml/amip_progedmf_1m.toml
      hash: md5
      md5: a5dec42fc923c74e00871b5389deb2dd
      size: 637
    - path: scripts/run.py
      hash: md5
      md5: 747d3cf191f2efd0dc6e4ef54b71b317
      size: 7524
    - path: scripts/run.sh
      hash: md5
      md5: be941b40ffd003e6c6e2352a8d4df319
      size: 328
    outs:
    - path: envs/2026-01-12/Manifest-v1.11.toml
      hash: md5
      md5: baa775dab79ffb19d428459d5d2a1803
      size: 143015
    - path: envs/2026-01-12/repo-revs.json
      hash: md5
      md5: 700e7bcae3845351f16d4b4320432caf
      size: 469
    - path: logs/benchmark-amip/2026-01-12.log
      hash: md5
      md5: b1fb473fe681b3db5bc0b8cd3c935c05
      size: 42884
  benchmark-amip@2025-12-27:
    cmd: calkit slurm batch --name benchmark-amip@2025-12-27 --environment clima
      --log-path 'runs/amip/2025-12-27/output.log' --dep scripts/run.py --dep 
      .calkit/env-locks/main/linux-64.txt --dep 
      repos/ClimaCoupler.jl/toml/amip_progedmf_1m.toml --dep 
      repos/ClimaCoupler.jl/config/atmos_configs/climaatmos_progedmf_1m.yml 
      --dep 
      repos/ClimaCoupler.jl/config/benchmark_configs/amip_progedmf_1m_land_he16.yml
      --out runs/amip/2025-12-27/Manifest-v1.11.toml --out 
      runs/amip/2025-12-27/repo-revs.json -s --gpus=1 -s --time=120 -- 
      scripts/run.sh 2025-12-27
    deps:
    - path: .calkit/env-locks/main/linux-64.txt
      hash: md5
      md5: 1754a191da44126403fab3c104fbdaa6
      size: 577
    - path: 
        repos/ClimaCoupler.jl/config/atmos_configs/climaatmos_progedmf_1m.yml
      hash: md5
      md5: 8743b95b52b4a72ef72b1135ad094afd
      size: 1150
    - path: 
        repos/ClimaCoupler.jl/config/benchmark_configs/amip_progedmf_1m_land_he16.yml
      hash: md5
      md5: 577bef53fd5c8e8eb2897c6d236dec53
      size: 461
    - path: repos/ClimaCoupler.jl/toml/amip_progedmf_1m.toml
      hash: md5
      md5: a5dec42fc923c74e00871b5389deb2dd
      size: 637
    - path: scripts/run.py
      hash: md5
      md5: ee5c353e35b75137eba9181a7c89376e
      size: 7370
    - path: scripts/run.sh
      hash: md5
      md5: be941b40ffd003e6c6e2352a8d4df319
      size: 328
    outs:
    - path: runs/amip/2025-12-27/Manifest-v1.11.toml
      hash: md5
      md5: 6a3ce53117ffbbb9cc79b69204afde86
      size: 130546
    - path: runs/amip/2025-12-27/output.log
      hash: md5
      md5: 4ff11524ba5d22468bd38fd5dd2d8664
      size: 48677
    - path: runs/amip/2025-12-27/repo-revs.json
      hash: md5
      md5: 3a902906216558a7a155cf6793a845fb
      size: 838
  analyze:
    cmd: calkit nb execute --environment analyze --no-check --language python 
      --to html "notebooks/analyze.ipynb"
    deps:
    - path: .calkit/env-locks/analyze
      hash: md5
      md5: bd4ac862a0f5408617ddc484d346527e.dir
      size: 2229
      nfiles: 2
    - path: .calkit/notebooks/cleaned/notebooks/analyze.ipynb
      hash: md5
      md5: d67edf89b13c46a40df838dc7d20ba8b
      size: 3971
    - path: buildkite
      hash: md5
      md5: 0151112c36427e7922a5befef0ac49a2.dir
      size: 693616
      nfiles: 18
    - path: runs/amip
      hash: md5
      md5: 998b815aed50d219859e75d8aec489cd.dir
      size: 3419973
      nfiles: 34
    outs:
    - path: .calkit/notebooks/executed/notebooks/analyze.ipynb
      hash: md5
      md5: c741ab2778580b2bc8816d44e63fbe86
      size: 26494
    - path: .calkit/notebooks/html/notebooks/analyze.html
      hash: md5
      md5: e3d0c0e3996cde536e24c0ad4daaa3b1
      size: 292148
    - path: figures/amip-speedup.json
      hash: md5
      md5: d98754fc8379374d701234b63fc87cde
      size: 7840
    - path: figures/amip-speedup.png
      hash: md5
      md5: 4c85da0158427c2fb633207b2ff7d8c3
      size: 35807
    - path: results/amip.csv
      hash: md5
      md5: 4d0d60dbfdb07502856ffbda66da662c
      size: 1580
  benchmark-amip@2026-01-14:
    cmd: calkit slurm batch --name benchmark-amip@2026-01-14 --environment clima
      --log-path 'runs/amip/2026-01-14/output.log' --dep scripts/run.py --dep 
      .calkit/env-locks/main/linux-64.txt --dep 
      repos/ClimaCoupler.jl/toml/amip_progedmf_1m.toml --dep 
      repos/ClimaCoupler.jl/config/atmos_configs/climaatmos_progedmf_1m.yml 
      --dep 
      repos/ClimaCoupler.jl/config/benchmark_configs/amip_progedmf_1m_land_he16.yml
      --out runs/amip/2026-01-14/Manifest-v1.11.toml --out 
      runs/amip/2026-01-14/repo-revs.json -s --gpus=1 -s --time=120 -- 
      scripts/run.sh 2026-01-14
    deps:
    - path: .calkit/env-locks/main/linux-64.txt
      hash: md5
      md5: 1754a191da44126403fab3c104fbdaa6
      size: 577
    - path: 
        repos/ClimaCoupler.jl/config/atmos_configs/climaatmos_progedmf_1m.yml
      hash: md5
      md5: 8743b95b52b4a72ef72b1135ad094afd
      size: 1150
    - path: 
        repos/ClimaCoupler.jl/config/benchmark_configs/amip_progedmf_1m_land_he16.yml
      hash: md5
      md5: 577bef53fd5c8e8eb2897c6d236dec53
      size: 461
    - path: repos/ClimaCoupler.jl/toml/amip_progedmf_1m.toml
      hash: md5
      md5: a5dec42fc923c74e00871b5389deb2dd
      size: 637
    - path: scripts/run.py
      hash: md5
      md5: 1c59103b65998cce411ee276da85442b
      size: 7246
    - path: scripts/run.sh
      hash: md5
      md5: be941b40ffd003e6c6e2352a8d4df319
      size: 328
    outs:
    - path: runs/amip/2026-01-14/Manifest-v1.11.toml
      hash: md5
      md5: 058812caa299f59dd18c91305c1f5a76
      size: 143015
    - path: runs/amip/2026-01-14/output.log
      hash: md5
      md5: a533687052c4622e911bc09cf04875c3
      size: 15341
    - path: runs/amip/2026-01-14/repo-revs.json
      hash: md5
      md5: 8435018afeaeaa65dfbf0d2b680274ee
      size: 838
  benchmark-amip@2026-01-13:
    cmd: calkit slurm batch --name benchmark-amip@2026-01-13 --environment clima
      --log-path 'runs/amip/2026-01-13/output.log' --dep scripts/run.py --dep 
      .calkit/env-locks/main/linux-64.txt --dep 
      repos/ClimaCoupler.jl/toml/amip_progedmf_1m.toml --dep 
      repos/ClimaCoupler.jl/config/atmos_configs/climaatmos_progedmf_1m.yml 
      --dep 
      repos/ClimaCoupler.jl/config/benchmark_configs/amip_progedmf_1m_land_he16.yml
      --out runs/amip/2026-01-13/Manifest-v1.11.toml --out 
      runs/amip/2026-01-13/repo-revs.json -s --gpus=1 -s --time=120 -- 
      scripts/run.sh 2026-01-13
    deps:
    - path: .calkit/env-locks/main/linux-64.txt
      hash: md5
      md5: 1754a191da44126403fab3c104fbdaa6
      size: 577
    - path: 
        repos/ClimaCoupler.jl/config/atmos_configs/climaatmos_progedmf_1m.yml
      hash: md5
      md5: 8743b95b52b4a72ef72b1135ad094afd
      size: 1150
    - path: 
        repos/ClimaCoupler.jl/config/benchmark_configs/amip_progedmf_1m_land_he16.yml
      hash: md5
      md5: 577bef53fd5c8e8eb2897c6d236dec53
      size: 461
    - path: repos/ClimaCoupler.jl/toml/amip_progedmf_1m.toml
      hash: md5
      md5: a5dec42fc923c74e00871b5389deb2dd
      size: 637
    - path: scripts/run.py
      hash: md5
      md5: ee5c353e35b75137eba9181a7c89376e
      size: 7370
    - path: scripts/run.sh
      hash: md5
      md5: be941b40ffd003e6c6e2352a8d4df319
      size: 328
    outs:
    - path: runs/amip/2026-01-13/Manifest-v1.11.toml
      hash: md5
      md5: 301088affcaad6095fcb21cb4b6bb35a
      size: 142800
    - path: runs/amip/2026-01-13/output.log
      hash: md5
      md5: 9f6bd41deb4a0aa0daeecd93cdbc7792
      size: 48794
    - path: runs/amip/2026-01-13/repo-revs.json
      hash: md5
      md5: 14201206a633957bd005c0abab3dbc28
      size: 838
  benchmark-amip@2026-01-06:
    cmd: calkit slurm batch --name benchmark-amip@2026-01-06 --environment clima
      --log-path 'runs/amip/2026-01-06/output.log' --dep scripts/run.py --dep 
      .calkit/env-locks/main/linux-64.txt --dep 
      repos/ClimaCoupler.jl/toml/amip_progedmf_1m.toml --dep 
      repos/ClimaCoupler.jl/config/atmos_configs/climaatmos_progedmf_1m.yml 
      --dep 
      repos/ClimaCoupler.jl/config/benchmark_configs/amip_progedmf_1m_land_he16.yml
      --out runs/amip/2026-01-06/Manifest-v1.11.toml --out 
      runs/amip/2026-01-06/repo-revs.json -s --gpus=1 -s --time=120 -- 
      scripts/run.sh 2026-01-06
    deps:
    - path: .calkit/env-locks/main/linux-64.txt
      hash: md5
      md5: 1754a191da44126403fab3c104fbdaa6
      size: 577
    - path: 
        repos/ClimaCoupler.jl/config/atmos_configs/climaatmos_progedmf_1m.yml
      hash: md5
      md5: 8743b95b52b4a72ef72b1135ad094afd
      size: 1150
    - path: 
        repos/ClimaCoupler.jl/config/benchmark_configs/amip_progedmf_1m_land_he16.yml
      hash: md5
      md5: 577bef53fd5c8e8eb2897c6d236dec53
      size: 461
    - path: repos/ClimaCoupler.jl/toml/amip_progedmf_1m.toml
      hash: md5
      md5: a5dec42fc923c74e00871b5389deb2dd
      size: 637
    - path: scripts/run.py
      hash: md5
      md5: ee5c353e35b75137eba9181a7c89376e
      size: 7370
    - path: scripts/run.sh
      hash: md5
      md5: be941b40ffd003e6c6e2352a8d4df319
      size: 328
    outs:
    - path: runs/amip/2026-01-06/Manifest-v1.11.toml
      hash: md5
      md5: f8616e6b9ef46f9bc45cc6099dee7e95
      size: 143060
    - path: runs/amip/2026-01-06/output.log
      hash: md5
      md5: 46824940e7ad554536711a19598394e4
      size: 37337
    - path: runs/amip/2026-01-06/repo-revs.json
      hash: md5
      md5: bed50a25c50a5980223a76e91100377a
      size: 838
  benchmark-amip@2025-11-03:
    cmd: calkit slurm batch --name benchmark-amip@2025-11-03 --environment clima
      --log-path 'runs/amip/2025-11-03/output.log' --dep scripts/run.py --dep 
      .calkit/env-locks/main/linux-64.txt --dep 
      repos/ClimaCoupler.jl/toml/amip_progedmf_1m.toml --dep 
      repos/ClimaCoupler.jl/config/atmos_configs/climaatmos_progedmf_1m.yml 
      --dep 
      repos/ClimaCoupler.jl/config/benchmark_configs/amip_progedmf_1m_land_he16.yml
      --out runs/amip/2025-11-03/Manifest-v1.11.toml --out 
      runs/amip/2025-11-03/repo-revs.json -s --gpus=1 -s --time=120 -- 
      scripts/run.sh 2025-11-03
    deps:
    - path: .calkit/env-locks/main/linux-64.txt
      hash: md5
      md5: 1754a191da44126403fab3c104fbdaa6
      size: 577
    - path: 
        repos/ClimaCoupler.jl/config/atmos_configs/climaatmos_progedmf_1m.yml
      hash: md5
      md5: 8743b95b52b4a72ef72b1135ad094afd
      size: 1150
    - path: 
        repos/ClimaCoupler.jl/config/benchmark_configs/amip_progedmf_1m_land_he16.yml
      hash: md5
      md5: 577bef53fd5c8e8eb2897c6d236dec53
      size: 461
    - path: repos/ClimaCoupler.jl/toml/amip_progedmf_1m.toml
      hash: md5
      md5: a5dec42fc923c74e00871b5389deb2dd
      size: 637
    - path: scripts/run.py
      hash: md5
      md5: ee5c353e35b75137eba9181a7c89376e
      size: 7370
    - path: scripts/run.sh
      hash: md5
      md5: be941b40ffd003e6c6e2352a8d4df319
      size: 328
    outs:
    - path: runs/amip/2025-11-03/Manifest-v1.11.toml
      hash: md5
      md5: bceb36a52fa27d73223d80321811f4d4
      size: 129606
    - path: runs/amip/2025-11-03/output.log
      hash: md5
      md5: 675dfe70a3f1c11bc0bdf4c589b5476a
      size: 47734
    - path: runs/amip/2025-11-03/repo-revs.json
      hash: md5
      md5: 853b684db1411aa0df806c7e169ea3e4
      size: 838
  fetch-buildkite:
    cmd: calkit nb execute --environment bk --no-check --language python --to 
      html "notebooks/buildkite.ipynb"
    deps:
    - path: .calkit/env-locks/bk
      hash: md5
      md5: 2931c13ebe749149d73be56c1e8202d1.dir
      size: 1308
      nfiles: 2
    - path: .calkit/notebooks/cleaned/notebooks/buildkite.ipynb
      hash: md5
      md5: 655434bccaa33df592b442ddbe0645be
      size: 5626
    outs:
    - path: .calkit/notebooks/executed/notebooks/buildkite.ipynb
      hash: md5
      md5: 675044a6465000fce0014a3b1b23406a
      size: 9472
    - path: .calkit/notebooks/html/notebooks/buildkite.html
      hash: md5
      md5: 203d8dad99d58878a2a04a98f2445b64
      size: 296051
    - path: buildkite
      hash: md5
      md5: 0151112c36427e7922a5befef0ac49a2.dir
      size: 693616
      nfiles: 18
  benchmark-amip@2025-11-02:
    cmd: calkit slurm batch --name benchmark-amip@2025-11-02 --environment clima
      --log-path 'runs/amip/2025-11-02/output.log' --dep scripts/run.py --dep 
      .calkit/env-locks/main/linux-64.txt --dep 
      repos/ClimaCoupler.jl/toml/amip_progedmf_1m.toml --dep 
      repos/ClimaCoupler.jl/config/atmos_configs/climaatmos_progedmf_1m.yml 
      --dep 
      repos/ClimaCoupler.jl/config/benchmark_configs/amip_progedmf_1m_land_he16.yml
      --out runs/amip/2025-11-02/Manifest-v1.11.toml --out 
      runs/amip/2025-11-02/repo-revs.json -s --gpus=1 -s --time=120 -- 
      scripts/run.sh 2025-11-02
    deps:
    - path: .calkit/env-locks/main/linux-64.txt
      hash: md5
      md5: 1754a191da44126403fab3c104fbdaa6
      size: 577
    - path: 
        repos/ClimaCoupler.jl/config/atmos_configs/climaatmos_progedmf_1m.yml
      hash: md5
      md5: 8743b95b52b4a72ef72b1135ad094afd
      size: 1150
    - path: 
        repos/ClimaCoupler.jl/config/benchmark_configs/amip_progedmf_1m_land_he16.yml
      hash: md5
      md5: 577bef53fd5c8e8eb2897c6d236dec53
      size: 461
    - path: repos/ClimaCoupler.jl/toml/amip_progedmf_1m.toml
      hash: md5
      md5: a5dec42fc923c74e00871b5389deb2dd
      size: 637
    - path: scripts/run.py
      hash: md5
      md5: ee5c353e35b75137eba9181a7c89376e
      size: 7370
    - path: scripts/run.sh
      hash: md5
      md5: be941b40ffd003e6c6e2352a8d4df319
      size: 328
    outs:
    - path: runs/amip/2025-11-02/Manifest-v1.11.toml
      hash: md5
      md5: bceb36a52fa27d73223d80321811f4d4
      size: 129606
    - path: runs/amip/2025-11-02/output.log
      hash: md5
      md5: a178cfeed253b842ad02e9f92a9ff4f1
      size: 38667
    - path: runs/amip/2025-11-02/repo-revs.json
      hash: md5
      md5: 853b684db1411aa0df806c7e169ea3e4
      size: 838
  benchmark-amip@2025-11-04:
    cmd: calkit slurm batch --name benchmark-amip@2025-11-04 --environment clima
      --log-path 'runs/amip/2025-11-04/output.log' --dep scripts/run.py --dep 
      .calkit/env-locks/main/linux-64.txt --dep 
      repos/ClimaCoupler.jl/toml/amip_progedmf_1m.toml --dep 
      repos/ClimaCoupler.jl/config/atmos_configs/climaatmos_progedmf_1m.yml 
      --dep 
      repos/ClimaCoupler.jl/config/benchmark_configs/amip_progedmf_1m_land_he16.yml
      --out runs/amip/2025-11-04/Manifest-v1.11.toml --out 
      runs/amip/2025-11-04/repo-revs.json -s --gpus=1 -s --time=120 -- 
      scripts/run.sh 2025-11-04
    deps:
    - path: .calkit/env-locks/main/linux-64.txt
      hash: md5
      md5: 1754a191da44126403fab3c104fbdaa6
      size: 577
    - path: 
        repos/ClimaCoupler.jl/config/atmos_configs/climaatmos_progedmf_1m.yml
      hash: md5
      md5: 8743b95b52b4a72ef72b1135ad094afd
      size: 1150
    - path: 
        repos/ClimaCoupler.jl/config/benchmark_configs/amip_progedmf_1m_land_he16.yml
      hash: md5
      md5: 577bef53fd5c8e8eb2897c6d236dec53
      size: 461
    - path: repos/ClimaCoupler.jl/toml/amip_progedmf_1m.toml
      hash: md5
      md5: a5dec42fc923c74e00871b5389deb2dd
      size: 637
    - path: scripts/run.py
      hash: md5
      md5: ee5c353e35b75137eba9181a7c89376e
      size: 7370
    - path: scripts/run.sh
      hash: md5
      md5: be941b40ffd003e6c6e2352a8d4df319
      size: 328
    outs:
    - path: runs/amip/2025-11-04/Manifest-v1.11.toml
      hash: md5
      md5: bceb36a52fa27d73223d80321811f4d4
      size: 129606
    - path: runs/amip/2025-11-04/output.log
      hash: md5
      md5: 294a1bbb82a227cf48f1a4f5462673a2
      size: 38374
    - path: runs/amip/2025-11-04/repo-revs.json
      hash: md5
      md5: 853b684db1411aa0df806c7e169ea3e4
      size: 838
